
Microsoft Visual Studio Solution File, Format Version 12.00
# Visual Studio Version 17
VisualStudioVersion = 17.8.34511.84
MinimumVisualStudioVersion = 10.0.40219.1
Project("{9A19103F-16F7-4668-BE54-9A1E7A4F7556}") = "AutostartInvoker", "AutostartInvoker.csproj", "{1C2050DE-FA15-4FB0-A660-9C956FD0702D}"
EndProject
Global
	GlobalSection(SolutionConfigurationPlatforms) = preSolution
		Debug|Any CPU = Debug|Any CPU
		Release|Any CPU = Release|Any CPU
	EndGlobalSection
	GlobalSection(ProjectConfigurationPlatforms) = postSolution
		{1C2050DE-FA15-4FB0-A660-9C956FD0702D}.Debug|Any CPU.ActiveCfg = Debug|Any CPU
		{1C2050DE-FA15-4FB0-A660-9C956FD0702D}.Debug|Any CPU.Build.0 = Debug|Any CPU
		{1C2050DE-FA15-4FB0-A660-9C956FD0702D}.Release|Any CPU.ActiveCfg = Release|Any CPU
		{1C2050DE-FA15-4FB0-A660-9C956FD0702D}.Release|Any CPU.Build.0 = Release|Any CPU
	EndGlobalSection
	GlobalSection(SolutionProperties) = preSolution
		HideSolutionNode = FALSE
	EndGlobalSection
	GlobalSection(ExtensibilityGlobals) = postSolution
		SolutionGuid = {01FDB4AE-C58C-4EC4-A202-19F2D3D338ED}
	EndGlobalSection
EndGlobal
